
Microsoft Visual Studio Solution File, Format Version 12.00
# Visual Studio 15
Project("{FAE04EC0-301F-11D3-BF4B-00C04F79EFBC}") = "ReadTextFromImageConsole", "ReadTextFromImageConsole\ReadTextFromImageConsole.csproj", "{66CF547C-3FFC-4749-A9F6-ED24565A4D22}"
EndProject
Project("{FAE04EC0-301F-11D3-BF4B-00C04F79EFBC}") = "ReadAttributesFromFacialImage", "ReadAttributesFromFacialImage\ReadAttributesFromFacialImage.csproj", "{8411F168-8A18-4D34-8D53-42E357E9246E}"
EndProject
Project("{FAE04EC0-301F-11D3-BF4B-00C04F79EFBC}") = "AlertsAndRestriction", "AlertsAndRestriction\AlertsAndRestriction.csproj", "{38F9DBDF-86E3-49A8-9DBA-0275363824CA}"
EndProject
Project("{FAE04EC0-301F-11D3-BF4B-00C04F79EFBC}") = "SendImageToOneExpress", "SendImageToOneExpress\SendImageToOneExpress.csproj", "{11F36EC7-25DA-4EF5-9637-7F0FF9D4FC5D}"
EndProject
Project("{FAE04EC0-301F-11D3-BF4B-00C04F79EFBC}") = "IdentificationValidationLib", "IdentificationValidationLib\IdentificationValidationLib.csproj", "{AA41B6A0-B557-4052-986B-D36C0EA33CDA}"
EndProject
Project("{FAE04EC0-301F-11D3-BF4B-00C04F79EFBC}") = "LoggingLib", "LoggingLib\LoggingLib.csproj", "{91C009D4-E296-42A7-B3AB-08E696306BB8}"
EndProject
Project("{FAE04EC0-301F-11D3-BF4B-00C04F79EFBC}") = "AcctOpeningImageValidationAPI", "AcctOpeningImageValidationAPI\AcctOpeningImageValidationAPI.csproj", "{B2A3FD62-9C28-43AB-AC09-3103EC3853BB}"
EndProject
Global
	GlobalSection(SolutionConfigurationPlatforms) = preSolution
		Debug|Any CPU = Debug|Any CPU
		Release|Any CPU = Release|Any CPU
	EndGlobalSection
	GlobalSection(ProjectConfigurationPlatforms) = postSolution
		{66CF547C-3FFC-4749-A9F6-ED24565A4D22}.Debug|Any CPU.ActiveCfg = Debug|Any CPU
		{66CF547C-3FFC-4749-A9F6-ED24565A4D22}.Debug|Any CPU.Build.0 = Debug|Any CPU
		{66CF547C-3FFC-4749-A9F6-ED24565A4D22}.Release|Any CPU.ActiveCfg = Release|Any CPU
		{66CF547C-3FFC-4749-A9F6-ED24565A4D22}.Release|Any CPU.Build.0 = Release|Any CPU
		{8411F168-8A18-4D34-8D53-42E357E9246E}.Debug|Any CPU.ActiveCfg = Debug|Any CPU
		{8411F168-8A18-4D34-8D53-42E357E9246E}.Debug|Any CPU.Build.0 = Debug|Any CPU
		{8411F168-8A18-4D34-8D53-42E357E9246E}.Release|Any CPU.ActiveCfg = Release|Any CPU
		{8411F168-8A18-4D34-8D53-42E357E9246E}.Release|Any CPU.Build.0 = Release|Any CPU
		{38F9DBDF-86E3-49A8-9DBA-0275363824CA}.Debug|Any CPU.ActiveCfg = Debug|Any CPU
		{38F9DBDF-86E3-49A8-9DBA-0275363824CA}.Debug|Any CPU.Build.0 = Debug|Any CPU
		{38F9DBDF-86E3-49A8-9DBA-0275363824CA}.Release|Any CPU.ActiveCfg = Release|Any CPU
		{38F9DBDF-86E3-49A8-9DBA-0275363824CA}.Release|Any CPU.Build.0 = Release|Any CPU
		{11F36EC7-25DA-4EF5-9637-7F0FF9D4FC5D}.Debug|Any CPU.ActiveCfg = Debug|Any CPU
		{11F36EC7-25DA-4EF5-9637-7F0FF9D4FC5D}.Debug|Any CPU.Build.0 = Debug|Any CPU
		{11F36EC7-25DA-4EF5-9637-7F0FF9D4FC5D}.Release|Any CPU.ActiveCfg = Release|Any CPU
		{11F36EC7-25DA-4EF5-9637-7F0FF9D4FC5D}.Release|Any CPU.Build.0 = Release|Any CPU
		{AA41B6A0-B557-4052-986B-D36C0EA33CDA}.Debug|Any CPU.ActiveCfg = Debug|Any CPU
		{AA41B6A0-B557-4052-986B-D36C0EA33CDA}.Debug|Any CPU.Build.0 = Debug|Any CPU
		{AA41B6A0-B557-4052-986B-D36C0EA33CDA}.Release|Any CPU.ActiveCfg = Release|Any CPU
		{AA41B6A0-B557-4052-986B-D36C0EA33CDA}.Release|Any CPU.Build.0 = Release|Any CPU
		{91C009D4-E296-42A7-B3AB-08E696306BB8}.Debug|Any CPU.ActiveCfg = Debug|Any CPU
		{91C009D4-E296-42A7-B3AB-08E696306BB8}.Debug|Any CPU.Build.0 = Debug|Any CPU
		{91C009D4-E296-42A7-B3AB-08E696306BB8}.Release|Any CPU.ActiveCfg = Release|Any CPU
		{91C009D4-E296-42A7-B3AB-08E696306BB8}.Release|Any CPU.Build.0 = Release|Any CPU
		{B2A3FD62-9C28-43AB-AC09-3103EC3853BB}.Debug|Any CPU.ActiveCfg = Debug|Any CPU
		{B2A3FD62-9C28-43AB-AC09-3103EC3853BB}.Debug|Any CPU.Build.0 = Debug|Any CPU
		{B2A3FD62-9C28-43AB-AC09-3103EC3853BB}.Release|Any CPU.ActiveCfg = Release|Any CPU
		{B2A3FD62-9C28-43AB-AC09-3103EC3853BB}.Release|Any CPU.Build.0 = Release|Any CPU
	EndGlobalSection
EndGlobal
