
Microsoft Visual Studio Solution File, Format Version 12.00
# Visual Studio 15
Project("{FAE04EC0-301F-11D3-BF4B-00C04F79EFBC}") = "ReadTextFromImageConsole", "ReadTextFromImageConsole\ReadTextFromImageConsole.csproj", "{66CF547C-3FFC-4749-A9F6-ED24565A4D22}"
EndProject
Project("{FAE04EC0-301F-11D3-BF4B-00C04F79EFBC}") = "ReadAttributesFromFacialImage", "ReadAttributesFromFacialImage\ReadAttributesFromFacialImage.csproj", "{8411F168-8A18-4D34-8D53-42E357E9246E}"
EndProject
Project("{FAE04EC0-301F-11D3-BF4B-00C04F79EFBC}") = "AlertsAndRestriction", "AlertsAndRestriction\AlertsAndRestriction.csproj", "{38F9DBDF-86E3-49A8-9DBA-0275363824CA}"
EndProject
Project("{FAE04EC0-301F-11D3-BF4B-00C04F79EFBC}") = "SendImageToOneExpress", "SendImageToOneExpress\SendImageToOneExpress.csproj", "{11F36EC7-25DA-4EF5-9637-7F0FF9D4FC5D}"
EndProject
Project("{FAE04EC0-301F-11D3-BF4B-00C04F79EFBC}") = "IdentificationValidationLib", "IdentificationValidationLib\IdentificationValidationLib.csproj", "{AA41B6A0-B557-4052-986B-D36C0EA33CDA}"
EndProject
Project("{FAE04EC0-301F-11D3-BF4B-00C04F79EFBC}") = "LoggingLib", "LoggingLib\LoggingLib.csproj", "{91C009D4-E296-42A7-B3AB-08E696306BB8}"
EndProject
Project("{FAE04EC0-301F-11D3-BF4B-00C04F79EFBC}") = "AcctOpeningImageValidationAPI", "AcctOpeningImageValidationAPI\AcctOpeningImageValidationAPI.csproj", "{B2A3FD62-9C28-43AB-AC09-3103EC3853BB}"
EndProject
Project("{FAE04EC0-301F-11D3-BF4B-00C04F79EFBC}") = "SqlDataClientLib", "SqlDataClientLib\SqlDataClientLib.csproj", "{5EF84AC5-CDCD-4666-8D46-345F1EC31966}"
EndProject
Project("{FAE04EC0-301F-11D3-BF4B-00C04F79EFBC}") = "ModelLib", "ModelLib\ModelLib.csproj", "{36C98A7E-0BE2-4B46-BC84-9DCD9C873E03}"
EndProject
Project("{FAE04EC0-301F-11D3-BF4B-00C04F79EFBC}") = "HelperLib", "HelperLib\HelperLib.csproj", "{1849A843-3AA9-4A82-9464-90951DEE9E42}"
EndProject
Project("{FAE04EC0-301F-11D3-BF4B-00C04F79EFBC}") = "ImageValidationUI", "ImageValidationUI\ImageValidationUI.csproj", "{EE074501-9B3B-4AB1-9A18-5A4A53292854}"
EndProject
Project("{FAE04EC0-301F-11D3-BF4B-00C04F79EFBC}") = "ImageValidationBlazorServer", "ImageValidationBlazorServer\ImageValidationBlazorServer.csproj", "{003CC291-A102-42FB-BB30-F84A026B8EE2}"
EndProject
Project("{FAE04EC0-301F-11D3-BF4B-00C04F79EFBC}") = "Encryption", "Encryption\Encryption.csproj", "{A871121E-6D04-451A-AE72-F1838B2B5DF3}"
EndProject
Project("{FAE04EC0-301F-11D3-BF4B-00C04F79EFBC}") = "EncryptionConsole", "EncryptionConsole\EncryptionConsole.csproj", "{8D3B03AF-E042-4A36-8F37-1C529FCF42D1}"
EndProject
Global
	GlobalSection(SolutionConfigurationPlatforms) = preSolution
		Debug|Any CPU = Debug|Any CPU
		Release|Any CPU = Release|Any CPU
	EndGlobalSection
	GlobalSection(ProjectConfigurationPlatforms) = postSolution
		{66CF547C-3FFC-4749-A9F6-ED24565A4D22}.Debug|Any CPU.ActiveCfg = Debug|Any CPU
		{66CF547C-3FFC-4749-A9F6-ED24565A4D22}.Debug|Any CPU.Build.0 = Debug|Any CPU
		{66CF547C-3FFC-4749-A9F6-ED24565A4D22}.Release|Any CPU.ActiveCfg = Release|Any CPU
		{66CF547C-3FFC-4749-A9F6-ED24565A4D22}.Release|Any CPU.Build.0 = Release|Any CPU
		{8411F168-8A18-4D34-8D53-42E357E9246E}.Debug|Any CPU.ActiveCfg = Debug|Any CPU
		{8411F168-8A18-4D34-8D53-42E357E9246E}.Debug|Any CPU.Build.0 = Debug|Any CPU
		{8411F168-8A18-4D34-8D53-42E357E9246E}.Release|Any CPU.ActiveCfg = Release|Any CPU
		{8411F168-8A18-4D34-8D53-42E357E9246E}.Release|Any CPU.Build.0 = Release|Any CPU
		{38F9DBDF-86E3-49A8-9DBA-0275363824CA}.Debug|Any CPU.ActiveCfg = Debug|Any CPU
		{38F9DBDF-86E3-49A8-9DBA-0275363824CA}.Debug|Any CPU.Build.0 = Debug|Any CPU
		{38F9DBDF-86E3-49A8-9DBA-0275363824CA}.Release|Any CPU.ActiveCfg = Release|Any CPU
		{38F9DBDF-86E3-49A8-9DBA-0275363824CA}.Release|Any CPU.Build.0 = Release|Any CPU
		{11F36EC7-25DA-4EF5-9637-7F0FF9D4FC5D}.Debug|Any CPU.ActiveCfg = Debug|Any CPU
		{11F36EC7-25DA-4EF5-9637-7F0FF9D4FC5D}.Debug|Any CPU.Build.0 = Debug|Any CPU
		{11F36EC7-25DA-4EF5-9637-7F0FF9D4FC5D}.Release|Any CPU.ActiveCfg = Release|Any CPU
		{11F36EC7-25DA-4EF5-9637-7F0FF9D4FC5D}.Release|Any CPU.Build.0 = Release|Any CPU
		{AA41B6A0-B557-4052-986B-D36C0EA33CDA}.Debug|Any CPU.ActiveCfg = Debug|Any CPU
		{AA41B6A0-B557-4052-986B-D36C0EA33CDA}.Debug|Any CPU.Build.0 = Debug|Any CPU
		{AA41B6A0-B557-4052-986B-D36C0EA33CDA}.Release|Any CPU.ActiveCfg = Release|Any CPU
		{AA41B6A0-B557-4052-986B-D36C0EA33CDA}.Release|Any CPU.Build.0 = Release|Any CPU
		{91C009D4-E296-42A7-B3AB-08E696306BB8}.Debug|Any CPU.ActiveCfg = Debug|Any CPU
		{91C009D4-E296-42A7-B3AB-08E696306BB8}.Debug|Any CPU.Build.0 = Debug|Any CPU
		{91C009D4-E296-42A7-B3AB-08E696306BB8}.Release|Any CPU.ActiveCfg = Release|Any CPU
		{91C009D4-E296-42A7-B3AB-08E696306BB8}.Release|Any CPU.Build.0 = Release|Any CPU
		{B2A3FD62-9C28-43AB-AC09-3103EC3853BB}.Debug|Any CPU.ActiveCfg = Debug|Any CPU
		{B2A3FD62-9C28-43AB-AC09-3103EC3853BB}.Debug|Any CPU.Build.0 = Debug|Any CPU
		{B2A3FD62-9C28-43AB-AC09-3103EC3853BB}.Release|Any CPU.ActiveCfg = Release|Any CPU
		{B2A3FD62-9C28-43AB-AC09-3103EC3853BB}.Release|Any CPU.Build.0 = Release|Any CPU
		{5EF84AC5-CDCD-4666-8D46-345F1EC31966}.Debug|Any CPU.ActiveCfg = Debug|Any CPU
		{5EF84AC5-CDCD-4666-8D46-345F1EC31966}.Debug|Any CPU.Build.0 = Debug|Any CPU
		{5EF84AC5-CDCD-4666-8D46-345F1EC31966}.Release|Any CPU.ActiveCfg = Release|Any CPU
		{5EF84AC5-CDCD-4666-8D46-345F1EC31966}.Release|Any CPU.Build.0 = Release|Any CPU
		{36C98A7E-0BE2-4B46-BC84-9DCD9C873E03}.Debug|Any CPU.ActiveCfg = Debug|Any CPU
		{36C98A7E-0BE2-4B46-BC84-9DCD9C873E03}.Debug|Any CPU.Build.0 = Debug|Any CPU
		{36C98A7E-0BE2-4B46-BC84-9DCD9C873E03}.Release|Any CPU.ActiveCfg = Release|Any CPU
		{36C98A7E-0BE2-4B46-BC84-9DCD9C873E03}.Release|Any CPU.Build.0 = Release|Any CPU
		{1849A843-3AA9-4A82-9464-90951DEE9E42}.Debug|Any CPU.ActiveCfg = Debug|Any CPU
		{1849A843-3AA9-4A82-9464-90951DEE9E42}.Debug|Any CPU.Build.0 = Debug|Any CPU
		{1849A843-3AA9-4A82-9464-90951DEE9E42}.Release|Any CPU.ActiveCfg = Release|Any CPU
		{1849A843-3AA9-4A82-9464-90951DEE9E42}.Release|Any CPU.Build.0 = Release|Any CPU
		{EE074501-9B3B-4AB1-9A18-5A4A53292854}.Debug|Any CPU.ActiveCfg = Debug|Any CPU
		{EE074501-9B3B-4AB1-9A18-5A4A53292854}.Debug|Any CPU.Build.0 = Debug|Any CPU
		{EE074501-9B3B-4AB1-9A18-5A4A53292854}.Release|Any CPU.ActiveCfg = Release|Any CPU
		{EE074501-9B3B-4AB1-9A18-5A4A53292854}.Release|Any CPU.Build.0 = Release|Any CPU
		{003CC291-A102-42FB-BB30-F84A026B8EE2}.Debug|Any CPU.ActiveCfg = Debug|Any CPU
		{003CC291-A102-42FB-BB30-F84A026B8EE2}.Debug|Any CPU.Build.0 = Debug|Any CPU
		{003CC291-A102-42FB-BB30-F84A026B8EE2}.Release|Any CPU.ActiveCfg = Release|Any CPU
		{003CC291-A102-42FB-BB30-F84A026B8EE2}.Release|Any CPU.Build.0 = Release|Any CPU
		{A871121E-6D04-451A-AE72-F1838B2B5DF3}.Debug|Any CPU.ActiveCfg = Debug|Any CPU
		{A871121E-6D04-451A-AE72-F1838B2B5DF3}.Debug|Any CPU.Build.0 = Debug|Any CPU
		{A871121E-6D04-451A-AE72-F1838B2B5DF3}.Release|Any CPU.ActiveCfg = Release|Any CPU
		{A871121E-6D04-451A-AE72-F1838B2B5DF3}.Release|Any CPU.Build.0 = Release|Any CPU
		{8D3B03AF-E042-4A36-8F37-1C529FCF42D1}.Debug|Any CPU.ActiveCfg = Debug|Any CPU
		{8D3B03AF-E042-4A36-8F37-1C529FCF42D1}.Debug|Any CPU.Build.0 = Debug|Any CPU
		{8D3B03AF-E042-4A36-8F37-1C529FCF42D1}.Release|Any CPU.ActiveCfg = Release|Any CPU
		{8D3B03AF-E042-4A36-8F37-1C529FCF42D1}.Release|Any CPU.Build.0 = Release|Any CPU
	EndGlobalSection
EndGlobal
